
Microsoft Visual Studio Solution File, Format Version 12.00
# Visual Studio Version 17
VisualStudioVersion = 17.10.35122.118
MinimumVisualStudioVersion = 10.0.40219.1
Project("{2150E333-8FDC-42A3-9474-1A3956D46DE8}") = "FrontEnd", "FrontEnd", "{F7C0E49F-23FF-4579-98CF-4F4B9AF2FAED}"
EndProject
Project("{2150E333-8FDC-42A3-9474-1A3956D46DE8}") = "GateWay", "GateWay", "{2DC4FB51-DCB7-4574-8899-8CF2D1C2E8ED}"
EndProject
Project("{2150E333-8FDC-42A3-9474-1A3956D46DE8}") = "integration", "integration", "{7876D88D-EB5A-4D82-BAA3-A12EE6C96D3D}"
EndProject
Project("{2150E333-8FDC-42A3-9474-1A3956D46DE8}") = "Services", "Services", "{2D39DB09-A74D-4756-9296-46546515EF67}"
EndProject
Project("{9A19103F-16F7-4668-BE54-9A1E7A4F7556}") = "Mango.Services.CouponAPI", "Mango.Services.CouponAPI\Mango.Services.CouponAPI.csproj", "{2107ED3D-284A-4C3A-A8BF-26524FCB0398}"
EndProject
Project("{2150E333-8FDC-42A3-9474-1A3956D46DE8}") = "Notes", "Notes", "{0438628A-F5DA-4146-B579-88053D3C0998}"
	ProjectSection(SolutionItems) = preProject
		..\..\..\..\Pictures\Screenshots\MicroServices Application.png = ..\..\..\..\Pictures\Screenshots\MicroServices Application.png
		Notes for Project.txt = Notes for Project.txt
		..\..\..\..\Pictures\Screenshots\product List.png = ..\..\..\..\Pictures\Screenshots\product List.png
	EndProjectSection
EndProject
Project("{9A19103F-16F7-4668-BE54-9A1E7A4F7556}") = "Mango.Web", "Mango.Web\Mango.Web.csproj", "{4FA05A59-EA5F-4F13-92D4-2593B1BF0DA8}"
EndProject
Project("{9A19103F-16F7-4668-BE54-9A1E7A4F7556}") = "Mango.Services.AuthAPI", "Mango.Services.AuthAPI\Mango.Services.AuthAPI.csproj", "{395B379E-5D33-4627-B681-E2BA95BA6672}"
EndProject
Project("{9A19103F-16F7-4668-BE54-9A1E7A4F7556}") = "Mango.Services.ProductAPI", "Mango.Services.ProductAPI\Mango.Services.ProductAPI.csproj", "{1EFD78AD-3989-489F-95C3-4BBB3A80ACDB}"
EndProject
Project("{FAE04EC0-301F-11D3-BF4B-00C04F79EFBC}") = "Mango.Services.ShoppingCartAPI", "Mango.Services.ShoppingCartAPI\Mango.Services.ShoppingCartAPI.csproj", "{5011748F-790F-4250-9C55-0C9CB4A95F81}"
EndProject
Global
	GlobalSection(SolutionConfigurationPlatforms) = preSolution
		Debug|Any CPU = Debug|Any CPU
		Release|Any CPU = Release|Any CPU
	EndGlobalSection
	GlobalSection(ProjectConfigurationPlatforms) = postSolution
		{2107ED3D-284A-4C3A-A8BF-26524FCB0398}.Debug|Any CPU.ActiveCfg = Debug|Any CPU
		{2107ED3D-284A-4C3A-A8BF-26524FCB0398}.Debug|Any CPU.Build.0 = Debug|Any CPU
		{2107ED3D-284A-4C3A-A8BF-26524FCB0398}.Release|Any CPU.ActiveCfg = Release|Any CPU
		{2107ED3D-284A-4C3A-A8BF-26524FCB0398}.Release|Any CPU.Build.0 = Release|Any CPU
		{4FA05A59-EA5F-4F13-92D4-2593B1BF0DA8}.Debug|Any CPU.ActiveCfg = Debug|Any CPU
		{4FA05A59-EA5F-4F13-92D4-2593B1BF0DA8}.Debug|Any CPU.Build.0 = Debug|Any CPU
		{4FA05A59-EA5F-4F13-92D4-2593B1BF0DA8}.Release|Any CPU.ActiveCfg = Release|Any CPU
		{4FA05A59-EA5F-4F13-92D4-2593B1BF0DA8}.Release|Any CPU.Build.0 = Release|Any CPU
		{395B379E-5D33-4627-B681-E2BA95BA6672}.Debug|Any CPU.ActiveCfg = Debug|Any CPU
		{395B379E-5D33-4627-B681-E2BA95BA6672}.Debug|Any CPU.Build.0 = Debug|Any CPU
		{395B379E-5D33-4627-B681-E2BA95BA6672}.Release|Any CPU.ActiveCfg = Release|Any CPU
		{395B379E-5D33-4627-B681-E2BA95BA6672}.Release|Any CPU.Build.0 = Release|Any CPU
		{1EFD78AD-3989-489F-95C3-4BBB3A80ACDB}.Debug|Any CPU.ActiveCfg = Debug|Any CPU
		{1EFD78AD-3989-489F-95C3-4BBB3A80ACDB}.Debug|Any CPU.Build.0 = Debug|Any CPU
		{1EFD78AD-3989-489F-95C3-4BBB3A80ACDB}.Release|Any CPU.ActiveCfg = Release|Any CPU
		{1EFD78AD-3989-489F-95C3-4BBB3A80ACDB}.Release|Any CPU.Build.0 = Release|Any CPU
		{5011748F-790F-4250-9C55-0C9CB4A95F81}.Debug|Any CPU.ActiveCfg = Debug|Any CPU
		{5011748F-790F-4250-9C55-0C9CB4A95F81}.Debug|Any CPU.Build.0 = Debug|Any CPU
		{5011748F-790F-4250-9C55-0C9CB4A95F81}.Release|Any CPU.ActiveCfg = Release|Any CPU
		{5011748F-790F-4250-9C55-0C9CB4A95F81}.Release|Any CPU.Build.0 = Release|Any CPU
	EndGlobalSection
	GlobalSection(SolutionProperties) = preSolution
		HideSolutionNode = FALSE
	EndGlobalSection
	GlobalSection(NestedProjects) = preSolution
		{2107ED3D-284A-4C3A-A8BF-26524FCB0398} = {2D39DB09-A74D-4756-9296-46546515EF67}
		{4FA05A59-EA5F-4F13-92D4-2593B1BF0DA8} = {F7C0E49F-23FF-4579-98CF-4F4B9AF2FAED}
		{395B379E-5D33-4627-B681-E2BA95BA6672} = {2D39DB09-A74D-4756-9296-46546515EF67}
		{1EFD78AD-3989-489F-95C3-4BBB3A80ACDB} = {2D39DB09-A74D-4756-9296-46546515EF67}
		{5011748F-790F-4250-9C55-0C9CB4A95F81} = {2D39DB09-A74D-4756-9296-46546515EF67}
	EndGlobalSection
	GlobalSection(ExtensibilityGlobals) = postSolution
		SolutionGuid = {C4A2BC9D-62FC-41A0-95FE-A134EB56F567}
	EndGlobalSection
EndGlobal
